
Microsoft Visual Studio Solution File, Format Version 12.00
# Visual Studio Version 17
VisualStudioVersion = 17.9.34728.123
MinimumVisualStudioVersion = 10.0.40219.1
Project("{FAE04EC0-301F-11D3-BF4B-00C04F79EFBC}") = "dungeons", "dungeons.csproj", "{210A2BD3-EA65-44C6-B547-A3B804A51A72}"
EndProject
Global
	GlobalSection(SolutionConfigurationPlatforms) = preSolution
		Debug|Any CPU = Debug|Any CPU
		Release|Any CPU = Release|Any CPU
	EndGlobalSection
	GlobalSection(ProjectConfigurationPlatforms) = postSolution
		{210A2BD3-EA65-44C6-B547-A3B804A51A72}.Debug|Any CPU.ActiveCfg = Debug|Any CPU
		{210A2BD3-EA65-44C6-B547-A3B804A51A72}.Debug|Any CPU.Build.0 = Debug|Any CPU
		{210A2BD3-EA65-44C6-B547-A3B804A51A72}.Release|Any CPU.ActiveCfg = Release|Any CPU
		{210A2BD3-EA65-44C6-B547-A3B804A51A72}.Release|Any CPU.Build.0 = Release|Any CPU
	EndGlobalSection
	GlobalSection(SolutionProperties) = preSolution
		HideSolutionNode = FALSE
	EndGlobalSection
	GlobalSection(ExtensibilityGlobals) = postSolution
		SolutionGuid = {6DDC9A57-9AB5-488E-B10C-99BD2ED51055}
	EndGlobalSection
EndGlobal
